
Microsoft Visual Studio Solution File, Format Version 12.00
# Visual Studio Version 16
VisualStudioVersion = 16.0.30804.86
MinimumVisualStudioVersion = 10.0.40219.1
Project("{FAE04EC0-301F-11D3-BF4B-00C04F79EFBC}") = "StackOverflowProject", "StackOverflowProject\StackOverflowProject.csproj", "{D0CA8230-8F8E-4827-903D-AA8271B83DCA}"
EndProject
Project("{FAE04EC0-301F-11D3-BF4B-00C04F79EFBC}") = "StackOverflowProject.DomainModels", "StackOverflowProject.DomainModels\StackOverflowProject.DomainModels.csproj", "{2D4B2B4B-E87D-4CA0-8DDF-761859A4D6ED}"
EndProject
Project("{FAE04EC0-301F-11D3-BF4B-00C04F79EFBC}") = "StackOverflowProject.ViewModels", "StackOverflowProject.ViewModels\StackOverflowProject.ViewModels.csproj", "{A464362D-4D0A-4BE7-BBA7-CA5762DAA168}"
EndProject
Project("{FAE04EC0-301F-11D3-BF4B-00C04F79EFBC}") = "StackOverflowProject.Repositories", "StackOverflowProject.Repositories\StackOverflowProject.Repositories.csproj", "{BC3E429D-811A-4316-9CD6-CA90AB524A87}"
EndProject
Project("{FAE04EC0-301F-11D3-BF4B-00C04F79EFBC}") = "StackOverflowProject.ServiceLayer", "StackOverflowProject.ServiceLayer\StackOverflowProject.ServiceLayer.csproj", "{D22BE8AC-F816-41B1-AD70-D077C5876106}"
EndProject
Global
	GlobalSection(SolutionConfigurationPlatforms) = preSolution
		Debug|Any CPU = Debug|Any CPU
		Release|Any CPU = Release|Any CPU
	EndGlobalSection
	GlobalSection(ProjectConfigurationPlatforms) = postSolution
		{D0CA8230-8F8E-4827-903D-AA8271B83DCA}.Debug|Any CPU.ActiveCfg = Debug|Any CPU
		{D0CA8230-8F8E-4827-903D-AA8271B83DCA}.Debug|Any CPU.Build.0 = Debug|Any CPU
		{D0CA8230-8F8E-4827-903D-AA8271B83DCA}.Release|Any CPU.ActiveCfg = Release|Any CPU
		{D0CA8230-8F8E-4827-903D-AA8271B83DCA}.Release|Any CPU.Build.0 = Release|Any CPU
		{2D4B2B4B-E87D-4CA0-8DDF-761859A4D6ED}.Debug|Any CPU.ActiveCfg = Debug|Any CPU
		{2D4B2B4B-E87D-4CA0-8DDF-761859A4D6ED}.Debug|Any CPU.Build.0 = Debug|Any CPU
		{2D4B2B4B-E87D-4CA0-8DDF-761859A4D6ED}.Release|Any CPU.ActiveCfg = Release|Any CPU
		{2D4B2B4B-E87D-4CA0-8DDF-761859A4D6ED}.Release|Any CPU.Build.0 = Release|Any CPU
		{A464362D-4D0A-4BE7-BBA7-CA5762DAA168}.Debug|Any CPU.ActiveCfg = Debug|Any CPU
		{A464362D-4D0A-4BE7-BBA7-CA5762DAA168}.Debug|Any CPU.Build.0 = Debug|Any CPU
		{A464362D-4D0A-4BE7-BBA7-CA5762DAA168}.Release|Any CPU.ActiveCfg = Release|Any CPU
		{A464362D-4D0A-4BE7-BBA7-CA5762DAA168}.Release|Any CPU.Build.0 = Release|Any CPU
		{BC3E429D-811A-4316-9CD6-CA90AB524A87}.Debug|Any CPU.ActiveCfg = Debug|Any CPU
		{BC3E429D-811A-4316-9CD6-CA90AB524A87}.Debug|Any CPU.Build.0 = Debug|Any CPU
		{BC3E429D-811A-4316-9CD6-CA90AB524A87}.Release|Any CPU.ActiveCfg = Release|Any CPU
		{BC3E429D-811A-4316-9CD6-CA90AB524A87}.Release|Any CPU.Build.0 = Release|Any CPU
		{D22BE8AC-F816-41B1-AD70-D077C5876106}.Debug|Any CPU.ActiveCfg = Debug|Any CPU
		{D22BE8AC-F816-41B1-AD70-D077C5876106}.Debug|Any CPU.Build.0 = Debug|Any CPU
		{D22BE8AC-F816-41B1-AD70-D077C5876106}.Release|Any CPU.ActiveCfg = Release|Any CPU
		{D22BE8AC-F816-41B1-AD70-D077C5876106}.Release|Any CPU.Build.0 = Release|Any CPU
	EndGlobalSection
	GlobalSection(SolutionProperties) = preSolution
		HideSolutionNode = FALSE
	EndGlobalSection
	GlobalSection(ExtensibilityGlobals) = postSolution
		SolutionGuid = {1A79D449-84F6-4049-9F41-2F14DD38F61F}
	EndGlobalSection
EndGlobal
